// !$*UTF8*$!
{
	archiveVersion = 1;
	classes = {
	};
	objectVersion = 55;
	objects = {

/* Begin PBXBuildFile section */
		248B1D382897A26300AF59F8 /* AppDelegate.swift in Sources */ = {isa = PBXBuildFile; fileRef = 248B1D372897A26300AF59F8 /* AppDelegate.swift */; };
		248B1D3A2897A26300AF59F8 /* SceneDelegate.swift in Sources */ = {isa = PBXBuildFile; fileRef = 248B1D392897A26300AF59F8 /* SceneDelegate.swift */; };
		248B1D3C2897A26300AF59F8 /* LottoViewController.swift in Sources */ = {isa = PBXBuildFile; fileRef = 248B1D3B2897A26300AF59F8 /* LottoViewController.swift */; };
		248B1D3F2897A26300AF59F8 /* Main.storyboard in Resources */ = {isa = PBXBuildFile; fileRef = 248B1D3D2897A26300AF59F8 /* Main.storyboard */; };
		248B1D412897A26500AF59F8 /* Assets.xcassets in Resources */ = {isa = PBXBuildFile; fileRef = 248B1D402897A26500AF59F8 /* Assets.xcassets */; };
		248B1D442897A26500AF59F8 /* LaunchScreen.storyboard in Resources */ = {isa = PBXBuildFile; fileRef = 248B1D422897A26500AF59F8 /* LaunchScreen.storyboard */; };
		248B1D4E2897C3E000AF59F8 /* Alamofire in Frameworks */ = {isa = PBXBuildFile; productRef = 248B1D4D2897C3E000AF59F8 /* Alamofire */; };
		248B1D512897C3EE00AF59F8 /* SwiftyJSON in Frameworks */ = {isa = PBXBuildFile; productRef = 248B1D502897C3EE00AF59F8 /* SwiftyJSON */; };
		248B1D562897C74700AF59F8 /* RandomBeer.storyboard in Resources */ = {isa = PBXBuildFile; fileRef = 248B1D552897C74700AF59F8 /* RandomBeer.storyboard */; };
		248B1D582897C75200AF59F8 /* RandomBeerViewController.swift in Sources */ = {isa = PBXBuildFile; fileRef = 248B1D572897C75200AF59F8 /* RandomBeerViewController.swift */; };
		248B1D5B2897CCF200AF59F8 /* Kingfisher in Frameworks */ = {isa = PBXBuildFile; productRef = 248B1D5A2897CCF200AF59F8 /* Kingfisher */; };
		248B1D5E2898AC9100AF59F8 /* SearchViewController.swift in Sources */ = {isa = PBXBuildFile; fileRef = 248B1D5D2898AC9100AF59F8 /* SearchViewController.swift */; };
		248B1D612898FB3D00AF59F8 /* Movie.storyboard in Resources */ = {isa = PBXBuildFile; fileRef = 248B1D602898FB3D00AF59F8 /* Movie.storyboard */; };
		248B1D642898FC0E00AF59F8 /* SearchTableViewCell.swift in Sources */ = {isa = PBXBuildFile; fileRef = 248B1D622898FC0E00AF59F8 /* SearchTableViewCell.swift */; };
		248B1D652898FC0E00AF59F8 /* SearchTableViewCell.xib in Resources */ = {isa = PBXBuildFile; fileRef = 248B1D632898FC0E00AF59F8 /* SearchTableViewCell.xib */; };
		248B1D68289900DF00AF59F8 /* BoxOfficeModel.swift in Sources */ = {isa = PBXBuildFile; fileRef = 248B1D67289900DF00AF59F8 /* BoxOfficeModel.swift */; };
/* End PBXBuildFile section */

/* Begin PBXFileReference section */
		248B1D342897A26300AF59F8 /* sesac-networkBasic.app */ = {isa = PBXFileReference; explicitFileType = wrapper.application; includeInIndex = 0; path = "sesac-networkBasic.app"; sourceTree = BUILT_PRODUCTS_DIR; };
		248B1D372897A26300AF59F8 /* AppDelegate.swift */ = {isa = PBXFileReference; lastKnownFileType = sourcecode.swift; path = AppDelegate.swift; sourceTree = "<group>"; };
		248B1D392897A26300AF59F8 /* SceneDelegate.swift */ = {isa = PBXFileReference; lastKnownFileType = sourcecode.swift; path = SceneDelegate.swift; sourceTree = "<group>"; };
		248B1D3B2897A26300AF59F8 /* LottoViewController.swift */ = {isa = PBXFileReference; lastKnownFileType = sourcecode.swift; path = LottoViewController.swift; sourceTree = "<group>"; };
		248B1D3E2897A26300AF59F8 /* Base */ = {isa = PBXFileReference; lastKnownFileType = file.storyboard; name = Base; path = Base.lproj/Main.storyboard; sourceTree = "<group>"; };
		248B1D402897A26500AF59F8 /* Assets.xcassets */ = {isa = PBXFileReference; lastKnownFileType = folder.assetcatalog; path = Assets.xcassets; sourceTree = "<group>"; };
		248B1D432897A26500AF59F8 /* Base */ = {isa = PBXFileReference; lastKnownFileType = file.storyboard; name = Base; path = Base.lproj/LaunchScreen.storyboard; sourceTree = "<group>"; };
		248B1D452897A26500AF59F8 /* Info.plist */ = {isa = PBXFileReference; lastKnownFileType = text.plist.xml; path = Info.plist; sourceTree = "<group>"; };
		248B1D552897C74700AF59F8 /* RandomBeer.storyboard */ = {isa = PBXFileReference; lastKnownFileType = file.storyboard; path = RandomBeer.storyboard; sourceTree = "<group>"; };
		248B1D572897C75200AF59F8 /* RandomBeerViewController.swift */ = {isa = PBXFileReference; lastKnownFileType = sourcecode.swift; path = RandomBeerViewController.swift; sourceTree = "<group>"; };
		248B1D5D2898AC9100AF59F8 /* SearchViewController.swift */ = {isa = PBXFileReference; lastKnownFileType = sourcecode.swift; path = SearchViewController.swift; sourceTree = "<group>"; };
		248B1D602898FB3D00AF59F8 /* Movie.storyboard */ = {isa = PBXFileReference; lastKnownFileType = file.storyboard; path = Movie.storyboard; sourceTree = "<group>"; };
		248B1D622898FC0E00AF59F8 /* SearchTableViewCell.swift */ = {isa = PBXFileReference; lastKnownFileType = sourcecode.swift; path = SearchTableViewCell.swift; sourceTree = "<group>"; };
		248B1D632898FC0E00AF59F8 /* SearchTableViewCell.xib */ = {isa = PBXFileReference; lastKnownFileType = file.xib; path = SearchTableViewCell.xib; sourceTree = "<group>"; };
		248B1D67289900DF00AF59F8 /* BoxOfficeModel.swift */ = {isa = PBXFileReference; lastKnownFileType = sourcecode.swift; path = BoxOfficeModel.swift; sourceTree = "<group>"; };
/* End PBXFileReference section */

/* Begin PBXFrameworksBuildPhase section */
		248B1D312897A26300AF59F8 /* Frameworks */ = {
			isa = PBXFrameworksBuildPhase;
			buildActionMask = 2147483647;
			files = (
				248B1D5B2897CCF200AF59F8 /* Kingfisher in Frameworks */,
				248B1D512897C3EE00AF59F8 /* SwiftyJSON in Frameworks */,
				248B1D4E2897C3E000AF59F8 /* Alamofire in Frameworks */,
			);
			runOnlyForDeploymentPostprocessing = 0;
		};
/* End PBXFrameworksBuildPhase section */

/* Begin PBXGroup section */
		248B1D2B2897A26300AF59F8 = {
			isa = PBXGroup;
			children = (
				248B1D362897A26300AF59F8 /* sesac-networkBasic */,
				248B1D352897A26300AF59F8 /* Products */,
			);
			sourceTree = "<group>";
		};
		248B1D352897A26300AF59F8 /* Products */ = {
			isa = PBXGroup;
			children = (
				248B1D342897A26300AF59F8 /* sesac-networkBasic.app */,
			);
			name = Products;
			sourceTree = "<group>";
		};
		248B1D362897A26300AF59F8 /* sesac-networkBasic */ = {
			isa = PBXGroup;
			children = (
				248B1D5C2898AC8200AF59F8 /* Movie */,
				248B1D532897C73000AF59F8 /* RandomBeer */,
				248B1D4B2897A2B800AF59F8 /* Lotto */,
				248B1D372897A26300AF59F8 /* AppDelegate.swift */,
				248B1D392897A26300AF59F8 /* SceneDelegate.swift */,
				248B1D402897A26500AF59F8 /* Assets.xcassets */,
				248B1D422897A26500AF59F8 /* LaunchScreen.storyboard */,
				248B1D452897A26500AF59F8 /* Info.plist */,
			);
			path = "sesac-networkBasic";
			sourceTree = "<group>";
		};
		248B1D4B2897A2B800AF59F8 /* Lotto */ = {
			isa = PBXGroup;
			children = (
				248B1D522897C72600AF59F8 /* Storyboard */,
				248B1D3B2897A26300AF59F8 /* LottoViewController.swift */,
			);
			path = Lotto;
			sourceTree = "<group>";
		};
		248B1D522897C72600AF59F8 /* Storyboard */ = {
			isa = PBXGroup;
			children = (
				248B1D3D2897A26300AF59F8 /* Main.storyboard */,
			);
			path = Storyboard;
			sourceTree = "<group>";
		};
		248B1D532897C73000AF59F8 /* RandomBeer */ = {
			isa = PBXGroup;
			children = (
				248B1D542897C73D00AF59F8 /* Storyboard */,
				248B1D572897C75200AF59F8 /* RandomBeerViewController.swift */,
			);
			path = RandomBeer;
			sourceTree = "<group>";
		};
		248B1D542897C73D00AF59F8 /* Storyboard */ = {
			isa = PBXGroup;
			children = (
				248B1D552897C74700AF59F8 /* RandomBeer.storyboard */,
			);
			path = Storyboard;
			sourceTree = "<group>";
		};
		248B1D5C2898AC8200AF59F8 /* Movie */ = {
			isa = PBXGroup;
			children = (
				248B1D66289900D100AF59F8 /* Model */,
				248B1D5F2898FB2C00AF59F8 /* Storyboard */,
				248B1D5D2898AC9100AF59F8 /* SearchViewController.swift */,
				248B1D622898FC0E00AF59F8 /* SearchTableViewCell.swift */,
				248B1D632898FC0E00AF59F8 /* SearchTableViewCell.xib */,
			);
			path = Movie;
			sourceTree = "<group>";
		};
		248B1D5F2898FB2C00AF59F8 /* Storyboard */ = {
			isa = PBXGroup;
			children = (
				248B1D602898FB3D00AF59F8 /* Movie.storyboard */,
			);
			path = Storyboard;
			sourceTree = "<group>";
		};
		248B1D66289900D100AF59F8 /* Model */ = {
			isa = PBXGroup;
			children = (
				248B1D67289900DF00AF59F8 /* BoxOfficeModel.swift */,
			);
			path = Model;
			sourceTree = "<group>";
		};
/* End PBXGroup section */

/* Begin PBXNativeTarget section */
		248B1D332897A26300AF59F8 /* sesac-networkBasic */ = {
			isa = PBXNativeTarget;
			buildConfigurationList = 248B1D482897A26500AF59F8 /* Build configuration list for PBXNativeTarget "sesac-networkBasic" */;
			buildPhases = (
				248B1D302897A26300AF59F8 /* Sources */,
				248B1D312897A26300AF59F8 /* Frameworks */,
				248B1D322897A26300AF59F8 /* Resources */,
			);
			buildRules = (
			);
			dependencies = (
			);
			name = "sesac-networkBasic";
			packageProductDependencies = (
				248B1D4D2897C3E000AF59F8 /* Alamofire */,
				248B1D502897C3EE00AF59F8 /* SwiftyJSON */,
				248B1D5A2897CCF200AF59F8 /* Kingfisher */,
			);
			productName = "sesac-networkBasic";
			productReference = 248B1D342897A26300AF59F8 /* sesac-networkBasic.app */;
			productType = "com.apple.product-type.application";
		};
/* End PBXNativeTarget section */

/* Begin PBXProject section */
		248B1D2C2897A26300AF59F8 /* Project object */ = {
			isa = PBXProject;
			attributes = {
				BuildIndependentTargetsInParallel = 1;
				LastSwiftUpdateCheck = 1330;
				LastUpgradeCheck = 1330;
				TargetAttributes = {
					248B1D332897A26300AF59F8 = {
						CreatedOnToolsVersion = 13.3.1;
					};
				};
			};
			buildConfigurationList = 248B1D2F2897A26300AF59F8 /* Build configuration list for PBXProject "sesac-networkBasic" */;
			compatibilityVersion = "Xcode 13.0";
			developmentRegion = en;
			hasScannedForEncodings = 0;
			knownRegions = (
				en,
				Base,
			);
			mainGroup = 248B1D2B2897A26300AF59F8;
			packageReferences = (
				248B1D4C2897C3E000AF59F8 /* XCRemoteSwiftPackageReference "Alamofire" */,
				248B1D4F2897C3EE00AF59F8 /* XCRemoteSwiftPackageReference "SwiftyJSON" */,
				248B1D592897CCF200AF59F8 /* XCRemoteSwiftPackageReference "Kingfisher" */,
			);
			productRefGroup = 248B1D352897A26300AF59F8 /* Products */;
			projectDirPath = "";
			projectRoot = "";
			targets = (
				248B1D332897A26300AF59F8 /* sesac-networkBasic */,
			);
		};
/* End PBXProject section */

/* Begin PBXResourcesBuildPhase section */
		248B1D322897A26300AF59F8 /* Resources */ = {
			isa = PBXResourcesBuildPhase;
			buildActionMask = 2147483647;
			files = (
				248B1D612898FB3D00AF59F8 /* Movie.storyboard in Resources */,
				248B1D442897A26500AF59F8 /* LaunchScreen.storyboard in Resources */,
				248B1D412897A26500AF59F8 /* Assets.xcassets in Resources */,
				248B1D3F2897A26300AF59F8 /* Main.storyboard in Resources */,
				248B1D562897C74700AF59F8 /* RandomBeer.storyboard in Resources */,
				248B1D652898FC0E00AF59F8 /* SearchTableViewCell.xib in Resources */,
			);
			runOnlyForDeploymentPostprocessing = 0;
		};
/* End PBXResourcesBuildPhase section */

/* Begin PBXSourcesBuildPhase section */
		248B1D302897A26300AF59F8 /* Sources */ = {
			isa = PBXSourcesBuildPhase;
			buildActionMask = 2147483647;
			files = (
				248B1D5E2898AC9100AF59F8 /* SearchViewController.swift in Sources */,
				248B1D3C2897A26300AF59F8 /* LottoViewController.swift in Sources */,
				248B1D382897A26300AF59F8 /* AppDelegate.swift in Sources */,
				248B1D68289900DF00AF59F8 /* BoxOfficeModel.swift in Sources */,
				248B1D642898FC0E00AF59F8 /* SearchTableViewCell.swift in Sources */,
				248B1D3A2897A26300AF59F8 /* SceneDelegate.swift in Sources */,
				248B1D582897C75200AF59F8 /* RandomBeerViewController.swift in Sources */,
			);
			runOnlyForDeploymentPostprocessing = 0;
		};
/* End PBXSourcesBuildPhase section */

/* Begin PBXVariantGroup section */
		248B1D3D2897A26300AF59F8 /* Main.storyboard */ = {
			isa = PBXVariantGroup;
			children = (
				248B1D3E2897A26300AF59F8 /* Base */,
			);
			name = Main.storyboard;
			sourceTree = "<group>";
		};
		248B1D422897A26500AF59F8 /* LaunchScreen.storyboard */ = {
			isa = PBXVariantGroup;
			children = (
				248B1D432897A26500AF59F8 /* Base */,
			);
			name = LaunchScreen.storyboard;
			sourceTree = "<group>";
		};
/* End PBXVariantGroup section */

/* Begin XCBuildConfiguration section */
		248B1D462897A26500AF59F8 /* Debug */ = {
			isa = XCBuildConfiguration;
			buildSettings = {
				ALWAYS_SEARCH_USER_PATHS = NO;
				CLANG_ANALYZER_NONNULL = YES;
				CLANG_ANALYZER_NUMBER_OBJECT_CONVERSION = YES_AGGRESSIVE;
				CLANG_CXX_LANGUAGE_STANDARD = "gnu++17";
				CLANG_ENABLE_MODULES = YES;
				CLANG_ENABLE_OBJC_ARC = YES;
				CLANG_ENABLE_OBJC_WEAK = YES;
				CLANG_WARN_BLOCK_CAPTURE_AUTORELEASING = YES;
				CLANG_WARN_BOOL_CONVERSION = YES;
				CLANG_WARN_COMMA = YES;
				CLANG_WARN_CONSTANT_CONVERSION = YES;
				CLANG_WARN_DEPRECATED_OBJC_IMPLEMENTATIONS = YES;
				CLANG_WARN_DIRECT_OBJC_ISA_USAGE = YES_ERROR;
				CLANG_WARN_DOCUMENTATION_COMMENTS = YES;
				CLANG_WARN_EMPTY_BODY = YES;
				CLANG_WARN_ENUM_CONVERSION = YES;
				CLANG_WARN_INFINITE_RECURSION = YES;
				CLANG_WARN_INT_CONVERSION = YES;
				CLANG_WARN_NON_LITERAL_NULL_CONVERSION = YES;
				CLANG_WARN_OBJC_IMPLICIT_RETAIN_SELF = YES;
				CLANG_WARN_OBJC_LITERAL_CONVERSION = YES;
				CLANG_WARN_OBJC_ROOT_CLASS = YES_ERROR;
				CLANG_WARN_QUOTED_INCLUDE_IN_FRAMEWORK_HEADER = YES;
				CLANG_WARN_RANGE_LOOP_ANALYSIS = YES;
				CLANG_WARN_STRICT_PROTOTYPES = YES;
				CLANG_WARN_SUSPICIOUS_MOVE = YES;
				CLANG_WARN_UNGUARDED_AVAILABILITY = YES_AGGRESSIVE;
				CLANG_WARN_UNREACHABLE_CODE = YES;
				CLANG_WARN__DUPLICATE_METHOD_MATCH = YES;
				COPY_PHASE_STRIP = NO;
				DEBUG_INFORMATION_FORMAT = dwarf;
				ENABLE_STRICT_OBJC_MSGSEND = YES;
				ENABLE_TESTABILITY = YES;
				GCC_C_LANGUAGE_STANDARD = gnu11;
				GCC_DYNAMIC_NO_PIC = NO;
				GCC_NO_COMMON_BLOCKS = YES;
				GCC_OPTIMIZATION_LEVEL = 0;
				GCC_PREPROCESSOR_DEFINITIONS = (
					"DEBUG=1",
					"$(inherited)",
				);
				GCC_WARN_64_TO_32_BIT_CONVERSION = YES;
				GCC_WARN_ABOUT_RETURN_TYPE = YES_ERROR;
				GCC_WARN_UNDECLARED_SELECTOR = YES;
				GCC_WARN_UNINITIALIZED_AUTOS = YES_AGGRESSIVE;
				GCC_WARN_UNUSED_FUNCTION = YES;
				GCC_WARN_UNUSED_VARIABLE = YES;
				IPHONEOS_DEPLOYMENT_TARGET = 15.4;
				MTL_ENABLE_DEBUG_INFO = INCLUDE_SOURCE;
				MTL_FAST_MATH = YES;
				ONLY_ACTIVE_ARCH = YES;
				SDKROOT = iphoneos;
				SWIFT_ACTIVE_COMPILATION_CONDITIONS = DEBUG;
				SWIFT_OPTIMIZATION_LEVEL = "-Onone";
			};
			name = Debug;
		};
		248B1D472897A26500AF59F8 /* Release */ = {
			isa = XCBuildConfiguration;
			buildSettings = {
				ALWAYS_SEARCH_USER_PATHS = NO;
				CLANG_ANALYZER_NONNULL = YES;
				CLANG_ANALYZER_NUMBER_OBJECT_CONVERSION = YES_AGGRESSIVE;
				CLANG_CXX_LANGUAGE_STANDARD = "gnu++17";
				CLANG_ENABLE_MODULES = YES;
				CLANG_ENABLE_OBJC_ARC = YES;
				CLANG_ENABLE_OBJC_WEAK = YES;
				CLANG_WARN_BLOCK_CAPTURE_AUTORELEASING = YES;
				CLANG_WARN_BOOL_CONVERSION = YES;
				CLANG_WARN_COMMA = YES;
				CLANG_WARN_CONSTANT_CONVERSION = YES;
				CLANG_WARN_DEPRECATED_OBJC_IMPLEMENTATIONS = YES;
				CLANG_WARN_DIRECT_OBJC_ISA_USAGE = YES_ERROR;
				CLANG_WARN_DOCUMENTATION_COMMENTS = YES;
				CLANG_WARN_EMPTY_BODY = YES;
				CLANG_WARN_ENUM_CONVERSION = YES;
				CLANG_WARN_INFINITE_RECURSION = YES;
				CLANG_WARN_INT_CONVERSION = YES;
				CLANG_WARN_NON_LITERAL_NULL_CONVERSION = YES;
				CLANG_WARN_OBJC_IMPLICIT_RETAIN_SELF = YES;
				CLANG_WARN_OBJC_LITERAL_CONVERSION = YES;
				CLANG_WARN_OBJC_ROOT_CLASS = YES_ERROR;
				CLANG_WARN_QUOTED_INCLUDE_IN_FRAMEWORK_HEADER = YES;
				CLANG_WARN_RANGE_LOOP_ANALYSIS = YES;
				CLANG_WARN_STRICT_PROTOTYPES = YES;
				CLANG_WARN_SUSPICIOUS_MOVE = YES;
				CLANG_WARN_UNGUARDED_AVAILABILITY = YES_AGGRESSIVE;
				CLANG_WARN_UNREACHABLE_CODE = YES;
				CLANG_WARN__DUPLICATE_METHOD_MATCH = YES;
				COPY_PHASE_STRIP = NO;
				DEBUG_INFORMATION_FORMAT = "dwarf-with-dsym";
				ENABLE_NS_ASSERTIONS = NO;
				ENABLE_STRICT_OBJC_MSGSEND = YES;
				GCC_C_LANGUAGE_STANDARD = gnu11;
				GCC_NO_COMMON_BLOCKS = YES;
				GCC_WARN_64_TO_32_BIT_CONVERSION = YES;
				GCC_WARN_ABOUT_RETURN_TYPE = YES_ERROR;
				GCC_WARN_UNDECLARED_SELECTOR = YES;
				GCC_WARN_UNINITIALIZED_AUTOS = YES_AGGRESSIVE;
				GCC_WARN_UNUSED_FUNCTION = YES;
				GCC_WARN_UNUSED_VARIABLE = YES;
				IPHONEOS_DEPLOYMENT_TARGET = 15.4;
				MTL_ENABLE_DEBUG_INFO = NO;
				MTL_FAST_MATH = YES;
				SDKROOT = iphoneos;
				SWIFT_COMPILATION_MODE = wholemodule;
				SWIFT_OPTIMIZATION_LEVEL = "-O";
				VALIDATE_PRODUCT = YES;
			};
			name = Release;
		};
		248B1D492897A26500AF59F8 /* Debug */ = {
			isa = XCBuildConfiguration;
			buildSettings = {
				ASSETCATALOG_COMPILER_APPICON_NAME = AppIcon;
				ASSETCATALOG_COMPILER_GLOBAL_ACCENT_COLOR_NAME = AccentColor;
				CODE_SIGN_STYLE = Automatic;
				CURRENT_PROJECT_VERSION = 1;
				DEVELOPMENT_TEAM = GZCWDPJJ9Z;
				GENERATE_INFOPLIST_FILE = YES;
				INFOPLIST_FILE = "sesac-networkBasic/Info.plist";
				INFOPLIST_KEY_UIApplicationSupportsIndirectInputEvents = YES;
				INFOPLIST_KEY_UILaunchStoryboardName = LaunchScreen;
				INFOPLIST_KEY_UIMainStoryboardFile = Movie;
				INFOPLIST_KEY_UISupportedInterfaceOrientations_iPad = "UIInterfaceOrientationPortrait UIInterfaceOrientationPortraitUpsideDown UIInterfaceOrientationLandscapeLeft UIInterfaceOrientationLandscapeRight";
				INFOPLIST_KEY_UISupportedInterfaceOrientations_iPhone = "UIInterfaceOrientationPortrait UIInterfaceOrientationLandscapeLeft UIInterfaceOrientationLandscapeRight";
				LD_RUNPATH_SEARCH_PATHS = (
					"$(inherited)",
					"@executable_path/Frameworks",
				);
				MARKETING_VERSION = 1.0;
				PRODUCT_BUNDLE_IDENTIFIER = "com.minseong.sesac-networkBasic";
				PRODUCT_NAME = "$(TARGET_NAME)";
				SWIFT_EMIT_LOC_STRINGS = YES;
				SWIFT_VERSION = 5.0;
				TARGETED_DEVICE_FAMILY = "1,2";
			};
			name = Debug;
		};
		248B1D4A2897A26500AF59F8 /* Release */ = {
			isa = XCBuildConfiguration;
			buildSettings = {
				ASSETCATALOG_COMPILER_APPICON_NAME = AppIcon;
				ASSETCATALOG_COMPILER_GLOBAL_ACCENT_COLOR_NAME = AccentColor;
				CODE_SIGN_STYLE = Automatic;
				CURRENT_PROJECT_VERSION = 1;
				DEVELOPMENT_TEAM = GZCWDPJJ9Z;
				GENERATE_INFOPLIST_FILE = YES;
				INFOPLIST_FILE = "sesac-networkBasic/Info.plist";
				INFOPLIST_KEY_UIApplicationSupportsIndirectInputEvents = YES;
				INFOPLIST_KEY_UILaunchStoryboardName = LaunchScreen;
				INFOPLIST_KEY_UIMainStoryboardFile = Movie;
				INFOPLIST_KEY_UISupportedInterfaceOrientations_iPad = "UIInterfaceOrientationPortrait UIInterfaceOrientationPortraitUpsideDown UIInterfaceOrientationLandscapeLeft UIInterfaceOrientationLandscapeRight";
				INFOPLIST_KEY_UISupportedInterfaceOrientations_iPhone = "UIInterfaceOrientationPortrait UIInterfaceOrientationLandscapeLeft UIInterfaceOrientationLandscapeRight";
				LD_RUNPATH_SEARCH_PATHS = (
					"$(inherited)",
					"@executable_path/Frameworks",
				);
				MARKETING_VERSION = 1.0;
				PRODUCT_BUNDLE_IDENTIFIER = "com.minseong.sesac-networkBasic";
				PRODUCT_NAME = "$(TARGET_NAME)";
				SWIFT_EMIT_LOC_STRINGS = YES;
				SWIFT_VERSION = 5.0;
				TARGETED_DEVICE_FAMILY = "1,2";
			};
			name = Release;
		};
/* End XCBuildConfiguration section */

/* Begin XCConfigurationList section */
		248B1D2F2897A26300AF59F8 /* Build configuration list for PBXProject "sesac-networkBasic" */ = {
			isa = XCConfigurationList;
			buildConfigurations = (
				248B1D462897A26500AF59F8 /* Debug */,
				248B1D472897A26500AF59F8 /* Release */,
			);
			defaultConfigurationIsVisible = 0;
			defaultConfigurationName = Release;
		};
		248B1D482897A26500AF59F8 /* Build configuration list for PBXNativeTarget "sesac-networkBasic" */ = {
			isa = XCConfigurationList;
			buildConfigurations = (
				248B1D492897A26500AF59F8 /* Debug */,
				248B1D4A2897A26500AF59F8 /* Release */,
			);
			defaultConfigurationIsVisible = 0;
			defaultConfigurationName = Release;
		};
/* End XCConfigurationList section */

/* Begin XCRemoteSwiftPackageReference section */
		248B1D4C2897C3E000AF59F8 /* XCRemoteSwiftPackageReference "Alamofire" */ = {
			isa = XCRemoteSwiftPackageReference;
			repositoryURL = "https://github.com/Alamofire/Alamofire";
			requirement = {
				kind = upToNextMajorVersion;
				minimumVersion = 5.0.0;
			};
		};
		248B1D4F2897C3EE00AF59F8 /* XCRemoteSwiftPackageReference "SwiftyJSON" */ = {
			isa = XCRemoteSwiftPackageReference;
			repositoryURL = "https://github.com/SwiftyJSON/SwiftyJSON";
			requirement = {
				kind = upToNextMajorVersion;
				minimumVersion = 5.0.0;
			};
		};
		248B1D592897CCF200AF59F8 /* XCRemoteSwiftPackageReference "Kingfisher" */ = {
			isa = XCRemoteSwiftPackageReference;
			repositoryURL = "https://github.com/onevcat/Kingfisher.git";
			requirement = {
				kind = upToNextMajorVersion;
				minimumVersion = 7.0.0;
			};
		};
/* End XCRemoteSwiftPackageReference section */

/* Begin XCSwiftPackageProductDependency section */
		248B1D4D2897C3E000AF59F8 /* Alamofire */ = {
			isa = XCSwiftPackageProductDependency;
			package = 248B1D4C2897C3E000AF59F8 /* XCRemoteSwiftPackageReference "Alamofire" */;
			productName = Alamofire;
		};
		248B1D502897C3EE00AF59F8 /* SwiftyJSON */ = {
			isa = XCSwiftPackageProductDependency;
			package = 248B1D4F2897C3EE00AF59F8 /* XCRemoteSwiftPackageReference "SwiftyJSON" */;
			productName = SwiftyJSON;
		};
		248B1D5A2897CCF200AF59F8 /* Kingfisher */ = {
			isa = XCSwiftPackageProductDependency;
			package = 248B1D592897CCF200AF59F8 /* XCRemoteSwiftPackageReference "Kingfisher" */;
			productName = Kingfisher;
		};
/* End XCSwiftPackageProductDependency section */
	};
	rootObject = 248B1D2C2897A26300AF59F8 /* Project object */;
}
